
Microsoft Visual Studio Solution File, Format Version 12.00
# Visual Studio Version 17
VisualStudioVersion = 17.7.34031.279
MinimumVisualStudioVersion = 10.0.40219.1
Project("{FAE04EC0-301F-11D3-BF4B-00C04F79EFBC}") = "Guided_Assignment_1", "Guided_Assignment_1.csproj", "{08553108-3F38-4235-B8AF-70337EE8844D}"
EndProject
Global
	GlobalSection(SolutionConfigurationPlatforms) = preSolution
		Debug|Any CPU = Debug|Any CPU
		Release|Any CPU = Release|Any CPU
	EndGlobalSection
	GlobalSection(ProjectConfigurationPlatforms) = postSolution
		{08553108-3F38-4235-B8AF-70337EE8844D}.Debug|Any CPU.ActiveCfg = Debug|Any CPU
		{08553108-3F38-4235-B8AF-70337EE8844D}.Debug|Any CPU.Build.0 = Debug|Any CPU
		{08553108-3F38-4235-B8AF-70337EE8844D}.Release|Any CPU.ActiveCfg = Release|Any CPU
		{08553108-3F38-4235-B8AF-70337EE8844D}.Release|Any CPU.Build.0 = Release|Any CPU
	EndGlobalSection
	GlobalSection(SolutionProperties) = preSolution
		HideSolutionNode = FALSE
	EndGlobalSection
	GlobalSection(ExtensibilityGlobals) = postSolution
		SolutionGuid = {085A59F1-6175-4505-90C9-0A449786D1D4}
	EndGlobalSection
EndGlobal
